
Microsoft Visual Studio Solution File, Format Version 12.00
# Visual Studio 14
VisualStudioVersion = 14.0.25420.1
MinimumVisualStudioVersion = 10.0.40219.1
Project("{FAE04EC0-301F-11D3-BF4B-00C04F79EFBC}") = "AdapterPattern", "AdapterPattern\AdapterPattern.csproj", "{BB2C24E6-29E2-466B-B84F-571C20FD1499}"
EndProject
Project("{FAE04EC0-301F-11D3-BF4B-00C04F79EFBC}") = "DecoratorPattern", "DecoratorPattern\DecoratorPattern.csproj", "{5A15FFB7-81FD-4E15-93A2-910B0DD19470}"
EndProject
Global
	GlobalSection(SolutionConfigurationPlatforms) = preSolution
		Debug|Any CPU = Debug|Any CPU
		Release|Any CPU = Release|Any CPU
	EndGlobalSection
	GlobalSection(ProjectConfigurationPlatforms) = postSolution
		{BB2C24E6-29E2-466B-B84F-571C20FD1499}.Debug|Any CPU.ActiveCfg = Debug|Any CPU
		{BB2C24E6-29E2-466B-B84F-571C20FD1499}.Debug|Any CPU.Build.0 = Debug|Any CPU
		{BB2C24E6-29E2-466B-B84F-571C20FD1499}.Release|Any CPU.ActiveCfg = Release|Any CPU
		{BB2C24E6-29E2-466B-B84F-571C20FD1499}.Release|Any CPU.Build.0 = Release|Any CPU
		{5A15FFB7-81FD-4E15-93A2-910B0DD19470}.Debug|Any CPU.ActiveCfg = Debug|Any CPU
		{5A15FFB7-81FD-4E15-93A2-910B0DD19470}.Debug|Any CPU.Build.0 = Debug|Any CPU
		{5A15FFB7-81FD-4E15-93A2-910B0DD19470}.Release|Any CPU.ActiveCfg = Release|Any CPU
		{5A15FFB7-81FD-4E15-93A2-910B0DD19470}.Release|Any CPU.Build.0 = Release|Any CPU
	EndGlobalSection
	GlobalSection(SolutionProperties) = preSolution
		HideSolutionNode = FALSE
	EndGlobalSection
EndGlobal
